
Microsoft Visual Studio Solution File, Format Version 12.00
# Visual Studio Version 18
VisualStudioVersion = 18.1.11312.151 d18.0
MinimumVisualStudioVersion = 10.0.40219.1
Project("{FAE04EC0-301F-11D3-BF4B-00C04F79EFBC}") = "VLight.Portal.Api", "src\VLight.Portal.Api\VLight.Portal.Api.csproj", "{098EE651-4177-4E6E-8588-3633304414C6}"
EndProject
Project("{FAE04EC0-301F-11D3-BF4B-00C04F79EFBC}") = "VLight.Portal.Application", "src\VLight.Portal.Application\VLight.Portal.Application.csproj", "{13925CB8-9B47-CA77-7DEE-A363EC3BB020}"
EndProject
Project("{FAE04EC0-301F-11D3-BF4B-00C04F79EFBC}") = "VLight.Portal.EntityFrameworkCore", "src\VLight.Portal.EntityFrameworkCore\VLight.Portal.EntityFrameworkCore.csproj", "{CA1F9E33-6762-F20A-403B-2083F7A13D5A}"
EndProject
Global
	GlobalSection(SolutionConfigurationPlatforms) = preSolution
		Debug|Any CPU = Debug|Any CPU
		Release|Any CPU = Release|Any CPU
	EndGlobalSection
	GlobalSection(ProjectConfigurationPlatforms) = postSolution
		{098EE651-4177-4E6E-8588-3633304414C6}.Debug|Any CPU.ActiveCfg = Debug|Any CPU
		{098EE651-4177-4E6E-8588-3633304414C6}.Debug|Any CPU.Build.0 = Debug|Any CPU
		{098EE651-4177-4E6E-8588-3633304414C6}.Release|Any CPU.ActiveCfg = Release|Any CPU
		{098EE651-4177-4E6E-8588-3633304414C6}.Release|Any CPU.Build.0 = Release|Any CPU
		{13925CB8-9B47-CA77-7DEE-A363EC3BB020}.Debug|Any CPU.ActiveCfg = Debug|Any CPU
		{13925CB8-9B47-CA77-7DEE-A363EC3BB020}.Debug|Any CPU.Build.0 = Debug|Any CPU
		{13925CB8-9B47-CA77-7DEE-A363EC3BB020}.Release|Any CPU.ActiveCfg = Release|Any CPU
		{13925CB8-9B47-CA77-7DEE-A363EC3BB020}.Release|Any CPU.Build.0 = Release|Any CPU
		{CA1F9E33-6762-F20A-403B-2083F7A13D5A}.Debug|Any CPU.ActiveCfg = Debug|Any CPU
		{CA1F9E33-6762-F20A-403B-2083F7A13D5A}.Debug|Any CPU.Build.0 = Debug|Any CPU
		{CA1F9E33-6762-F20A-403B-2083F7A13D5A}.Release|Any CPU.ActiveCfg = Release|Any CPU
		{CA1F9E33-6762-F20A-403B-2083F7A13D5A}.Release|Any CPU.Build.0 = Release|Any CPU
	EndGlobalSection
	GlobalSection(SolutionProperties) = preSolution
		HideSolutionNode = FALSE
	EndGlobalSection
	GlobalSection(ExtensibilityGlobals) = postSolution
		SolutionGuid = {D6445157-D8DE-430D-B77B-ED3AE2F6118F}
	EndGlobalSection
EndGlobal
